
Microsoft Visual Studio Solution File, Format Version 12.00
# Visual Studio Version 17
VisualStudioVersion = 17.0.31912.275
MinimumVisualStudioVersion = 10.0.40219.1
Project("{FAE04EC0-301F-11D3-BF4B-00C04F79EFBC}") = "StockBalance", "StockBalance\StockBalance.csproj", "{BB6CB856-3995-491C-90D8-8793C9ED792B}"
EndProject
Project("{FAE04EC0-301F-11D3-BF4B-00C04F79EFBC}") = "StockBalance.UnitTests", "StockBalance.UnitTests\StockBalance.UnitTests.csproj", "{2861D376-9054-4288-9B15-0D7B535683F9}"
EndProject
Global
	GlobalSection(SolutionConfigurationPlatforms) = preSolution
		Debug|Any CPU = Debug|Any CPU
		Release|Any CPU = Release|Any CPU
	EndGlobalSection
	GlobalSection(ProjectConfigurationPlatforms) = postSolution
		{BB6CB856-3995-491C-90D8-8793C9ED792B}.Debug|Any CPU.ActiveCfg = Debug|Any CPU
		{BB6CB856-3995-491C-90D8-8793C9ED792B}.Debug|Any CPU.Build.0 = Debug|Any CPU
		{BB6CB856-3995-491C-90D8-8793C9ED792B}.Release|Any CPU.ActiveCfg = Release|Any CPU
		{BB6CB856-3995-491C-90D8-8793C9ED792B}.Release|Any CPU.Build.0 = Release|Any CPU
		{2861D376-9054-4288-9B15-0D7B535683F9}.Debug|Any CPU.ActiveCfg = Debug|Any CPU
		{2861D376-9054-4288-9B15-0D7B535683F9}.Debug|Any CPU.Build.0 = Debug|Any CPU
		{2861D376-9054-4288-9B15-0D7B535683F9}.Release|Any CPU.ActiveCfg = Release|Any CPU
		{2861D376-9054-4288-9B15-0D7B535683F9}.Release|Any CPU.Build.0 = Release|Any CPU
	EndGlobalSection
	GlobalSection(SolutionProperties) = preSolution
		HideSolutionNode = FALSE
	EndGlobalSection
	GlobalSection(ExtensibilityGlobals) = postSolution
		SolutionGuid = {620C2983-EA91-4EA7-8B4C-D5849B6D3B46}
	EndGlobalSection
EndGlobal
